
Microsoft Visual Studio Solution File, Format Version 12.00
# Visual Studio 15
VisualStudioVersion = 15.0.26228.10
MinimumVisualStudioVersion = 10.0.40219.1
Project("{FAE04EC0-301F-11D3-BF4B-00C04F79EFBC}") = "Robot.Simulator", "Robot.Simulator\Robot.Simulator.csproj", "{3EE402B8-4A64-4714-9770-A2ABE568459D}"
EndProject
Project("{FAE04EC0-301F-11D3-BF4B-00C04F79EFBC}") = "Robot.Simulator.Tests", "Robot.Simulator.Tests\Robot.Simulator.Tests.csproj", "{90D3BC22-299F-4C67-A127-072D05F7D81A}"
EndProject
Project("{FAE04EC0-301F-11D3-BF4B-00C04F79EFBC}") = "Robot.Simulator.Worker", "Robot.Simulator.Worker\Robot.Simulator.Worker.csproj", "{235FEFCB-800C-4206-A8D7-893CF8C2B3B0}"
EndProject
Global
	GlobalSection(SolutionConfigurationPlatforms) = preSolution
		Debug|Any CPU = Debug|Any CPU
		Release|Any CPU = Release|Any CPU
	EndGlobalSection
	GlobalSection(ProjectConfigurationPlatforms) = postSolution
		{3EE402B8-4A64-4714-9770-A2ABE568459D}.Debug|Any CPU.ActiveCfg = Debug|Any CPU
		{3EE402B8-4A64-4714-9770-A2ABE568459D}.Debug|Any CPU.Build.0 = Debug|Any CPU
		{3EE402B8-4A64-4714-9770-A2ABE568459D}.Release|Any CPU.ActiveCfg = Release|Any CPU
		{3EE402B8-4A64-4714-9770-A2ABE568459D}.Release|Any CPU.Build.0 = Release|Any CPU
		{90D3BC22-299F-4C67-A127-072D05F7D81A}.Debug|Any CPU.ActiveCfg = Debug|Any CPU
		{90D3BC22-299F-4C67-A127-072D05F7D81A}.Debug|Any CPU.Build.0 = Debug|Any CPU
		{90D3BC22-299F-4C67-A127-072D05F7D81A}.Release|Any CPU.ActiveCfg = Release|Any CPU
		{90D3BC22-299F-4C67-A127-072D05F7D81A}.Release|Any CPU.Build.0 = Release|Any CPU
		{235FEFCB-800C-4206-A8D7-893CF8C2B3B0}.Debug|Any CPU.ActiveCfg = Debug|Any CPU
		{235FEFCB-800C-4206-A8D7-893CF8C2B3B0}.Debug|Any CPU.Build.0 = Debug|Any CPU
		{235FEFCB-800C-4206-A8D7-893CF8C2B3B0}.Release|Any CPU.ActiveCfg = Release|Any CPU
		{235FEFCB-800C-4206-A8D7-893CF8C2B3B0}.Release|Any CPU.Build.0 = Release|Any CPU
	EndGlobalSection
	GlobalSection(SolutionProperties) = preSolution
		HideSolutionNode = FALSE
	EndGlobalSection
EndGlobal
